// !$*UTF8*$!
{
	archiveVersion = 1;
	classes = {
	};
	objectVersion = 50;
	objects = {

/* Begin PBXBuildFile section */
		103AD17D257E04F30077C7F0 /* HS_LinkedList.c in Sources */ = {isa = PBXBuildFile; fileRef = 103AD17C257E04F30077C7F0 /* HS_LinkedList.c */; };
		103AD181257EDF940077C7F0 /* HS_Stack.c in Sources */ = {isa = PBXBuildFile; fileRef = 103AD180257EDF940077C7F0 /* HS_Stack.c */; };
		103AD185257EE20E0077C7F0 /* HS_Queue.c in Sources */ = {isa = PBXBuildFile; fileRef = 103AD184257EE20E0077C7F0 /* HS_Queue.c */; };
		103AD189257EE3940077C7F0 /* HS_Deque.c in Sources */ = {isa = PBXBuildFile; fileRef = 103AD188257EE3940077C7F0 /* HS_Deque.c */; };
		24DF88AF21E03E1C000AB20B /* main.m in Sources */ = {isa = PBXBuildFile; fileRef = 24DF88AE21E03E1C000AB20B /* main.m */; };
/* End PBXBuildFile section */

/* Begin PBXCopyFilesBuildPhase section */
		24DF88A921E03E1C000AB20B /* CopyFiles */ = {
			isa = PBXCopyFilesBuildPhase;
			buildActionMask = 2147483647;
			dstPath = /usr/share/man/man1/;
			dstSubfolderSpec = 0;
			files = (
			);
			runOnlyForDeploymentPostprocessing = 1;
		};
/* End PBXCopyFilesBuildPhase section */

/* Begin PBXFileReference section */
		103AD17B257E04F30077C7F0 /* HS_LinkedList.h */ = {isa = PBXFileReference; lastKnownFileType = sourcecode.c.h; path = HS_LinkedList.h; sourceTree = "<group>"; };
		103AD17C257E04F30077C7F0 /* HS_LinkedList.c */ = {isa = PBXFileReference; lastKnownFileType = sourcecode.c.c; path = HS_LinkedList.c; sourceTree = "<group>"; };
		103AD17F257EDF940077C7F0 /* HS_Stack.h */ = {isa = PBXFileReference; lastKnownFileType = sourcecode.c.h; path = HS_Stack.h; sourceTree = "<group>"; };
		103AD180257EDF940077C7F0 /* HS_Stack.c */ = {isa = PBXFileReference; lastKnownFileType = sourcecode.c.c; path = HS_Stack.c; sourceTree = "<group>"; };
		103AD183257EE20D0077C7F0 /* HS_Queue.h */ = {isa = PBXFileReference; lastKnownFileType = sourcecode.c.h; path = HS_Queue.h; sourceTree = "<group>"; };
		103AD184257EE20E0077C7F0 /* HS_Queue.c */ = {isa = PBXFileReference; lastKnownFileType = sourcecode.c.c; path = HS_Queue.c; sourceTree = "<group>"; };
		103AD187257EE3940077C7F0 /* HS_Deque.h */ = {isa = PBXFileReference; lastKnownFileType = sourcecode.c.h; path = HS_Deque.h; sourceTree = "<group>"; };
		103AD188257EE3940077C7F0 /* HS_Deque.c */ = {isa = PBXFileReference; lastKnownFileType = sourcecode.c.c; path = HS_Deque.c; sourceTree = "<group>"; };
		24DF88AB21E03E1C000AB20B /* DataStructures */ = {isa = PBXFileReference; explicitFileType = "compiled.mach-o.executable"; includeInIndex = 0; path = DataStructures; sourceTree = BUILT_PRODUCTS_DIR; };
		24DF88AE21E03E1C000AB20B /* main.m */ = {isa = PBXFileReference; lastKnownFileType = sourcecode.c.objc; path = main.m; sourceTree = "<group>"; };
/* End PBXFileReference section */

/* Begin PBXFrameworksBuildPhase section */
		24DF88A821E03E1C000AB20B /* Frameworks */ = {
			isa = PBXFrameworksBuildPhase;
			buildActionMask = 2147483647;
			files = (
			);
			runOnlyForDeploymentPostprocessing = 0;
		};
/* End PBXFrameworksBuildPhase section */

/* Begin PBXGroup section */
		24DF88A221E03E1C000AB20B = {
			isa = PBXGroup;
			children = (
				24DF88AD21E03E1C000AB20B /* DataStructures */,
				24DF88AC21E03E1C000AB20B /* Products */,
			);
			sourceTree = "<group>";
		};
		24DF88AC21E03E1C000AB20B /* Products */ = {
			isa = PBXGroup;
			children = (
				24DF88AB21E03E1C000AB20B /* DataStructures */,
			);
			name = Products;
			sourceTree = "<group>";
		};
		24DF88AD21E03E1C000AB20B /* DataStructures */ = {
			isa = PBXGroup;
			children = (
				24DF88AE21E03E1C000AB20B /* main.m */,
				103AD17B257E04F30077C7F0 /* HS_LinkedList.h */,
				103AD17C257E04F30077C7F0 /* HS_LinkedList.c */,
				103AD17F257EDF940077C7F0 /* HS_Stack.h */,
				103AD180257EDF940077C7F0 /* HS_Stack.c */,
				103AD183257EE20D0077C7F0 /* HS_Queue.h */,
				103AD184257EE20E0077C7F0 /* HS_Queue.c */,
				103AD187257EE3940077C7F0 /* HS_Deque.h */,
				103AD188257EE3940077C7F0 /* HS_Deque.c */,
			);
			path = DataStructures;
			sourceTree = "<group>";
		};
/* End PBXGroup section */

/* Begin PBXNativeTarget section */
		24DF88AA21E03E1C000AB20B /* DataStructures */ = {
			isa = PBXNativeTarget;
			buildConfigurationList = 24DF88B221E03E1D000AB20B /* Build configuration list for PBXNativeTarget "DataStructures" */;
			buildPhases = (
				24DF88A721E03E1C000AB20B /* Sources */,
				24DF88A821E03E1C000AB20B /* Frameworks */,
				24DF88A921E03E1C000AB20B /* CopyFiles */,
			);
			buildRules = (
			);
			dependencies = (
			);
			name = DataStructures;
			productName = DataStructures;
			productReference = 24DF88AB21E03E1C000AB20B /* DataStructures */;
			productType = "com.apple.product-type.tool";
		};
/* End PBXNativeTarget section */

/* Begin PBXProject section */
		24DF88A321E03E1C000AB20B /* Project object */ = {
			isa = PBXProject;
			attributes = {
				LastUpgradeCheck = 1010;
				ORGANIZATIONNAME = Shun;
				TargetAttributes = {
					24DF88AA21E03E1C000AB20B = {
						CreatedOnToolsVersion = 10.1;
					};
				};
			};
			buildConfigurationList = 24DF88A621E03E1C000AB20B /* Build configuration list for PBXProject "DataStructures" */;
			compatibilityVersion = "Xcode 9.3";
			developmentRegion = en;
			hasScannedForEncodings = 0;
			knownRegions = (
				en,
			);
			mainGroup = 24DF88A221E03E1C000AB20B;
			productRefGroup = 24DF88AC21E03E1C000AB20B /* Products */;
			projectDirPath = "";
			projectRoot = "";
			targets = (
				24DF88AA21E03E1C000AB20B /* DataStructures */,
			);
		};
/* End PBXProject section */

/* Begin PBXSourcesBuildPhase section */
		24DF88A721E03E1C000AB20B /* Sources */ = {
			isa = PBXSourcesBuildPhase;
			buildActionMask = 2147483647;
			files = (
				24DF88AF21E03E1C000AB20B /* main.m in Sources */,
				103AD189257EE3940077C7F0 /* HS_Deque.c in Sources */,
				103AD181257EDF940077C7F0 /* HS_Stack.c in Sources */,
				103AD185257EE20E0077C7F0 /* HS_Queue.c in Sources */,
				103AD17D257E04F30077C7F0 /* HS_LinkedList.c in Sources */,
			);
			runOnlyForDeploymentPostprocessing = 0;
		};
/* End PBXSourcesBuildPhase section */

/* Begin XCBuildConfiguration section */
		24DF88B021E03E1C000AB20B /* Debug */ = {
			isa = XCBuildConfiguration;
			buildSettings = {
				ALWAYS_SEARCH_USER_PATHS = NO;
				CLANG_ANALYZER_NONNULL = YES;
				CLANG_ANALYZER_NUMBER_OBJECT_CONVERSION = YES_AGGRESSIVE;
				CLANG_CXX_LANGUAGE_STANDARD = "gnu++14";
				CLANG_CXX_LIBRARY = "libc++";
				CLANG_ENABLE_MODULES = YES;
				CLANG_ENABLE_OBJC_ARC = YES;
				CLANG_ENABLE_OBJC_WEAK = YES;
				CLANG_WARN_BLOCK_CAPTURE_AUTORELEASING = YES;
				CLANG_WARN_BOOL_CONVERSION = YES;
				CLANG_WARN_COMMA = YES;
				CLANG_WARN_CONSTANT_CONVERSION = YES;
				CLANG_WARN_DEPRECATED_OBJC_IMPLEMENTATIONS = YES;
				CLANG_WARN_DIRECT_OBJC_ISA_USAGE = YES_ERROR;
				CLANG_WARN_DOCUMENTATION_COMMENTS = YES;
				CLANG_WARN_EMPTY_BODY = YES;
				CLANG_WARN_ENUM_CONVERSION = YES;
				CLANG_WARN_INFINITE_RECURSION = YES;
				CLANG_WARN_INT_CONVERSION = YES;
				CLANG_WARN_NON_LITERAL_NULL_CONVERSION = YES;
				CLANG_WARN_OBJC_IMPLICIT_RETAIN_SELF = YES;
				CLANG_WARN_OBJC_LITERAL_CONVERSION = YES;
				CLANG_WARN_OBJC_ROOT_CLASS = YES_ERROR;
				CLANG_WARN_RANGE_LOOP_ANALYSIS = YES;
				CLANG_WARN_STRICT_PROTOTYPES = YES;
				CLANG_WARN_SUSPICIOUS_MOVE = YES;
				CLANG_WARN_UNGUARDED_AVAILABILITY = YES_AGGRESSIVE;
				CLANG_WARN_UNREACHABLE_CODE = YES;
				CLANG_WARN__DUPLICATE_METHOD_MATCH = YES;
				CODE_SIGN_IDENTITY = "Mac Developer";
				COPY_PHASE_STRIP = NO;
				DEBUG_INFORMATION_FORMAT = dwarf;
				ENABLE_STRICT_OBJC_MSGSEND = YES;
				ENABLE_TESTABILITY = YES;
				GCC_C_LANGUAGE_STANDARD = gnu11;
				GCC_DYNAMIC_NO_PIC = NO;
				GCC_NO_COMMON_BLOCKS = YES;
				GCC_OPTIMIZATION_LEVEL = 0;
				GCC_PREPROCESSOR_DEFINITIONS = (
					"DEBUG=1",
					"$(inherited)",
				);
				GCC_WARN_64_TO_32_BIT_CONVERSION = YES;
				GCC_WARN_ABOUT_RETURN_TYPE = YES_ERROR;
				GCC_WARN_UNDECLARED_SELECTOR = YES;
				GCC_WARN_UNINITIALIZED_AUTOS = YES_AGGRESSIVE;
				GCC_WARN_UNUSED_FUNCTION = YES;
				GCC_WARN_UNUSED_VARIABLE = YES;
				MACOSX_DEPLOYMENT_TARGET = 10.13;
				MTL_ENABLE_DEBUG_INFO = INCLUDE_SOURCE;
				MTL_FAST_MATH = YES;
				ONLY_ACTIVE_ARCH = YES;
				SDKROOT = macosx;
			};
			name = Debug;
		};
		24DF88B121E03E1C000AB20B /* Release */ = {
			isa = XCBuildConfiguration;
			buildSettings = {
				ALWAYS_SEARCH_USER_PATHS = NO;
				CLANG_ANALYZER_NONNULL = YES;
				CLANG_ANALYZER_NUMBER_OBJECT_CONVERSION = YES_AGGRESSIVE;
				CLANG_CXX_LANGUAGE_STANDARD = "gnu++14";
				CLANG_CXX_LIBRARY = "libc++";
				CLANG_ENABLE_MODULES = YES;
				CLANG_ENABLE_OBJC_ARC = YES;
				CLANG_ENABLE_OBJC_WEAK = YES;
				CLANG_WARN_BLOCK_CAPTURE_AUTORELEASING = YES;
				CLANG_WARN_BOOL_CONVERSION = YES;
				CLANG_WARN_COMMA = YES;
				CLANG_WARN_CONSTANT_CONVERSION = YES;
				CLANG_WARN_DEPRECATED_OBJC_IMPLEMENTATIONS = YES;
				CLANG_WARN_DIRECT_OBJC_ISA_USAGE = YES_ERROR;
				CLANG_WARN_DOCUMENTATION_COMMENTS = YES;
				CLANG_WARN_EMPTY_BODY = YES;
				CLANG_WARN_ENUM_CONVERSION = YES;
				CLANG_WARN_INFINITE_RECURSION = YES;
				CLANG_WARN_INT_CONVERSION = YES;
				CLANG_WARN_NON_LITERAL_NULL_CONVERSION = YES;
				CLANG_WARN_OBJC_IMPLICIT_RETAIN_SELF = YES;
				CLANG_WARN_OBJC_LITERAL_CONVERSION = YES;
				CLANG_WARN_OBJC_ROOT_CLASS = YES_ERROR;
				CLANG_WARN_RANGE_LOOP_ANALYSIS = YES;
				CLANG_WARN_STRICT_PROTOTYPES = YES;
				CLANG_WARN_SUSPICIOUS_MOVE = YES;
				CLANG_WARN_UNGUARDED_AVAILABILITY = YES_AGGRESSIVE;
				CLANG_WARN_UNREACHABLE_CODE = YES;
				CLANG_WARN__DUPLICATE_METHOD_MATCH = YES;
				CODE_SIGN_IDENTITY = "Mac Developer";
				COPY_PHASE_STRIP = NO;
				DEBUG_INFORMATION_FORMAT = "dwarf-with-dsym";
				ENABLE_NS_ASSERTIONS = NO;
				ENABLE_STRICT_OBJC_MSGSEND = YES;
				GCC_C_LANGUAGE_STANDARD = gnu11;
				GCC_NO_COMMON_BLOCKS = YES;
				GCC_WARN_64_TO_32_BIT_CONVERSION = YES;
				GCC_WARN_ABOUT_RETURN_TYPE = YES_ERROR;
				GCC_WARN_UNDECLARED_SELECTOR = YES;
				GCC_WARN_UNINITIALIZED_AUTOS = YES_AGGRESSIVE;
				GCC_WARN_UNUSED_FUNCTION = YES;
				GCC_WARN_UNUSED_VARIABLE = YES;
				MACOSX_DEPLOYMENT_TARGET = 10.13;
				MTL_ENABLE_DEBUG_INFO = NO;
				MTL_FAST_MATH = YES;
				SDKROOT = macosx;
			};
			name = Release;
		};
		24DF88B321E03E1D000AB20B /* Debug */ = {
			isa = XCBuildConfiguration;
			buildSettings = {
				CODE_SIGN_STYLE = Automatic;
				DEVELOPMENT_TEAM = 6BEQU99RP5;
				PRODUCT_NAME = "$(TARGET_NAME)";
			};
			name = Debug;
		};
		24DF88B421E03E1D000AB20B /* Release */ = {
			isa = XCBuildConfiguration;
			buildSettings = {
				CODE_SIGN_STYLE = Automatic;
				DEVELOPMENT_TEAM = 6BEQU99RP5;
				PRODUCT_NAME = "$(TARGET_NAME)";
			};
			name = Release;
		};
/* End XCBuildConfiguration section */

/* Begin XCConfigurationList section */
		24DF88A621E03E1C000AB20B /* Build configuration list for PBXProject "DataStructures" */ = {
			isa = XCConfigurationList;
			buildConfigurations = (
				24DF88B021E03E1C000AB20B /* Debug */,
				24DF88B121E03E1C000AB20B /* Release */,
			);
			defaultConfigurationIsVisible = 0;
			defaultConfigurationName = Release;
		};
		24DF88B221E03E1D000AB20B /* Build configuration list for PBXNativeTarget "DataStructures" */ = {
			isa = XCConfigurationList;
			buildConfigurations = (
				24DF88B321E03E1D000AB20B /* Debug */,
				24DF88B421E03E1D000AB20B /* Release */,
			);
			defaultConfigurationIsVisible = 0;
			defaultConfigurationName = Release;
		};
/* End XCConfigurationList section */
	};
	rootObject = 24DF88A321E03E1C000AB20B /* Project object */;
}
